
Microsoft Visual Studio Solution File, Format Version 11.00
# Visual Studio 2010
Project("{8BC9CEB8-8B4A-11D0-8D11-00A0C91BC942}") = "cximage", "CxImage\cximage.vcxproj", "{0C3A849C-E11C-D325-AFA7-4A5CA0E98765}"
EndProject
Project("{8BC9CEB8-8B4A-11D0-8D11-00A0C91BC942}") = "CxImageCrtDll", "CxImage\CxImageDLL\CxImageCrtDll.vcxproj", "{D9015FC2-4061-4506-14DB-823C74F3B8F5}"
	ProjectSection(ProjectDependencies) = postProject
		{D7F03731-0F1A-7C38-642A-2D63987E4F62} = {D7F03731-0F1A-7C38-642A-2D63987E4F62}
		{9372060D-FC8F-A9E5-40C3-12E61AAEB7D2} = {9372060D-FC8F-A9E5-40C3-12E61AAEB7D2}
		{14487257-E0C6-5DC5-4E38-B9880B6997BC} = {14487257-E0C6-5DC5-4E38-B9880B6997BC}
		{C2F40730-209F-5696-58F1-729D1727BFCD} = {C2F40730-209F-5696-58F1-729D1727BFCD}
		{24FFCF46-0F00-51C8-751E-7C8F78EB4F87} = {24FFCF46-0F00-51C8-751E-7C8F78EB4F87}
		{C695E5FB-E764-3306-A6AE-AB2F0CCE250F} = {C695E5FB-E764-3306-A6AE-AB2F0CCE250F}
		{B270B1DA-5C3E-4BEF-FD1F-601DC7DA657E} = {B270B1DA-5C3E-4BEF-FD1F-601DC7DA657E}
		{ACFD8080-EDF2-89EA-2728-D07A53354E9E} = {ACFD8080-EDF2-89EA-2728-D07A53354E9E}
	EndProjectSection
EndProject
Project("{8BC9CEB8-8B4A-11D0-8D11-00A0C91BC942}") = "cximagemfcdll", "CxImage\CxImageDLL\cximagemfcdll.vcxproj", "{F1EE5A73-F480-4BB0-DD54-BAE3941A5E5E}"
	ProjectSection(ProjectDependencies) = postProject
		{D7F03731-0F1A-7C38-642A-2D63987E4F62} = {D7F03731-0F1A-7C38-642A-2D63987E4F62}
		{9372060D-FC8F-A9E5-40C3-12E61AAEB7D2} = {9372060D-FC8F-A9E5-40C3-12E61AAEB7D2}
		{14487257-E0C6-5DC5-4E38-B9880B6997BC} = {14487257-E0C6-5DC5-4E38-B9880B6997BC}
		{C2F40730-209F-5696-58F1-729D1727BFCD} = {C2F40730-209F-5696-58F1-729D1727BFCD}
		{24FFCF46-0F00-51C8-751E-7C8F78EB4F87} = {24FFCF46-0F00-51C8-751E-7C8F78EB4F87}
		{C695E5FB-E764-3306-A6AE-AB2F0CCE250F} = {C695E5FB-E764-3306-A6AE-AB2F0CCE250F}
		{B270B1DA-5C3E-4BEF-FD1F-601DC7DA657E} = {B270B1DA-5C3E-4BEF-FD1F-601DC7DA657E}
		{ACFD8080-EDF2-89EA-2728-D07A53354E9E} = {ACFD8080-EDF2-89EA-2728-D07A53354E9E}
	EndProjectSection
EndProject
Project("{8BC9CEB8-8B4A-11D0-8D11-00A0C91BC942}") = "demo", "demo\demo.vcxproj", "{6A30FCD6-3F66-DA17-81B1-9FCB3AE8DAFD}"
	ProjectSection(ProjectDependencies) = postProject
		{0C3A849C-E11C-D325-AFA7-4A5CA0E98765} = {0C3A849C-E11C-D325-AFA7-4A5CA0E98765}
		{9372060D-FC8F-A9E5-40C3-12E61AAEB7D2} = {9372060D-FC8F-A9E5-40C3-12E61AAEB7D2}
		{14487257-E0C6-5DC5-4E38-B9880B6997BC} = {14487257-E0C6-5DC5-4E38-B9880B6997BC}
		{C2F40730-209F-5696-58F1-729D1727BFCD} = {C2F40730-209F-5696-58F1-729D1727BFCD}
		{24FFCF46-0F00-51C8-751E-7C8F78EB4F87} = {24FFCF46-0F00-51C8-751E-7C8F78EB4F87}
		{B270B1DA-5C3E-4BEF-FD1F-601DC7DA657E} = {B270B1DA-5C3E-4BEF-FD1F-601DC7DA657E}
		{D7F03731-0F1A-7C38-642A-2D63987E4F62} = {D7F03731-0F1A-7C38-642A-2D63987E4F62}
		{C695E5FB-E764-3306-A6AE-AB2F0CCE250F} = {C695E5FB-E764-3306-A6AE-AB2F0CCE250F}
		{ACFD8080-EDF2-89EA-2728-D07A53354E9E} = {ACFD8080-EDF2-89EA-2728-D07A53354E9E}
	EndProjectSection
EndProject
Project("{8BC9CEB8-8B4A-11D0-8D11-00A0C91BC942}") = "demoDLL", "demo\demoDLL.vcxproj", "{56D9FCFE-FA45-16DA-B094-118830BD9D90}"
	ProjectSection(ProjectDependencies) = postProject
		{D9015FC2-4061-4506-14DB-823C74F3B8F5} = {D9015FC2-4061-4506-14DB-823C74F3B8F5}
	EndProjectSection
EndProject
Project("{8BC9CEB8-8B4A-11D0-8D11-00A0C91BC942}") = "jasper", "jasper\jasper.vcxproj", "{C695E5FB-E764-3306-A6AE-AB2F0CCE250F}"
EndProject
Project("{8BC9CEB8-8B4A-11D0-8D11-00A0C91BC942}") = "jbig", "jbig\jbig.vcxproj", "{D7F03731-0F1A-7C38-642A-2D63987E4F62}"
EndProject
Project("{8BC9CEB8-8B4A-11D0-8D11-00A0C91BC942}") = "Jpeg", "jpeg\Jpeg.vcxproj", "{9372060D-FC8F-A9E5-40C3-12E61AAEB7D2}"
EndProject
Project("{8BC9CEB8-8B4A-11D0-8D11-00A0C91BC942}") = "libdcr", "raw\libdcr.vcxproj", "{ACFD8080-EDF2-89EA-2728-D07A53354E9E}"
EndProject
Project("{8BC9CEB8-8B4A-11D0-8D11-00A0C91BC942}") = "mng", "mng\mng.vcxproj", "{B270B1DA-5C3E-4BEF-FD1F-601DC7DA657E}"
EndProject
Project("{8BC9CEB8-8B4A-11D0-8D11-00A0C91BC942}") = "png", "png\png.vcxproj", "{14487257-E0C6-5DC5-4E38-B9880B6997BC}"
EndProject
Project("{8BC9CEB8-8B4A-11D0-8D11-00A0C91BC942}") = "Tiff", "tiff\Tiff.vcxproj", "{C2F40730-209F-5696-58F1-729D1727BFCD}"
EndProject
Project("{8BC9CEB8-8B4A-11D0-8D11-00A0C91BC942}") = "zlib", "zlib\zlib.vcxproj", "{24FFCF46-0F00-51C8-751E-7C8F78EB4F87}"
EndProject
Global
	GlobalSection(SolutionConfigurationPlatforms) = preSolution
		Debug|Win32 = Debug|Win32
		Release|Win32 = Release|Win32
		Template|Win32 = Template|Win32
		Unicode Debug|Win32 = Unicode Debug|Win32
		Unicode Release|Win32 = Unicode Release|Win32
	EndGlobalSection
	GlobalSection(ProjectConfigurationPlatforms) = postSolution
		{0C3A849C-E11C-D325-AFA7-4A5CA0E98765}.Debug|Win32.ActiveCfg = Debug|Win32
		{0C3A849C-E11C-D325-AFA7-4A5CA0E98765}.Debug|Win32.Build.0 = Debug|Win32
		{0C3A849C-E11C-D325-AFA7-4A5CA0E98765}.Release|Win32.ActiveCfg = Release|Win32
		{0C3A849C-E11C-D325-AFA7-4A5CA0E98765}.Release|Win32.Build.0 = Release|Win32
		{0C3A849C-E11C-D325-AFA7-4A5CA0E98765}.Template|Win32.ActiveCfg = Unicode Release|Win32
		{0C3A849C-E11C-D325-AFA7-4A5CA0E98765}.Template|Win32.Build.0 = Unicode Release|Win32
		{0C3A849C-E11C-D325-AFA7-4A5CA0E98765}.Unicode Debug|Win32.ActiveCfg = Unicode Debug|Win32
		{0C3A849C-E11C-D325-AFA7-4A5CA0E98765}.Unicode Debug|Win32.Build.0 = Unicode Debug|Win32
		{0C3A849C-E11C-D325-AFA7-4A5CA0E98765}.Unicode Release|Win32.ActiveCfg = Unicode Release|Win32
		{0C3A849C-E11C-D325-AFA7-4A5CA0E98765}.Unicode Release|Win32.Build.0 = Unicode Release|Win32
		{D9015FC2-4061-4506-14DB-823C74F3B8F5}.Debug|Win32.ActiveCfg = Debug|Win32
		{D9015FC2-4061-4506-14DB-823C74F3B8F5}.Debug|Win32.Build.0 = Debug|Win32
		{D9015FC2-4061-4506-14DB-823C74F3B8F5}.Release|Win32.ActiveCfg = Release|Win32
		{D9015FC2-4061-4506-14DB-823C74F3B8F5}.Release|Win32.Build.0 = Release|Win32
		{D9015FC2-4061-4506-14DB-823C74F3B8F5}.Template|Win32.ActiveCfg = Template|Win32
		{D9015FC2-4061-4506-14DB-823C74F3B8F5}.Template|Win32.Build.0 = Template|Win32
		{D9015FC2-4061-4506-14DB-823C74F3B8F5}.Unicode Debug|Win32.ActiveCfg = Unicode Debug|Win32
		{D9015FC2-4061-4506-14DB-823C74F3B8F5}.Unicode Debug|Win32.Build.0 = Unicode Debug|Win32
		{D9015FC2-4061-4506-14DB-823C74F3B8F5}.Unicode Release|Win32.ActiveCfg = Unicode Release|Win32
		{D9015FC2-4061-4506-14DB-823C74F3B8F5}.Unicode Release|Win32.Build.0 = Unicode Release|Win32
		{F1EE5A73-F480-4BB0-DD54-BAE3941A5E5E}.Debug|Win32.ActiveCfg = Debug|Win32
		{F1EE5A73-F480-4BB0-DD54-BAE3941A5E5E}.Debug|Win32.Build.0 = Debug|Win32
		{F1EE5A73-F480-4BB0-DD54-BAE3941A5E5E}.Release|Win32.ActiveCfg = Release|Win32
		{F1EE5A73-F480-4BB0-DD54-BAE3941A5E5E}.Release|Win32.Build.0 = Release|Win32
		{F1EE5A73-F480-4BB0-DD54-BAE3941A5E5E}.Template|Win32.ActiveCfg = Template|Win32
		{F1EE5A73-F480-4BB0-DD54-BAE3941A5E5E}.Template|Win32.Build.0 = Template|Win32
		{F1EE5A73-F480-4BB0-DD54-BAE3941A5E5E}.Unicode Debug|Win32.ActiveCfg = Unicode Debug|Win32
		{F1EE5A73-F480-4BB0-DD54-BAE3941A5E5E}.Unicode Debug|Win32.Build.0 = Unicode Debug|Win32
		{F1EE5A73-F480-4BB0-DD54-BAE3941A5E5E}.Unicode Release|Win32.ActiveCfg = Unicode Release|Win32
		{F1EE5A73-F480-4BB0-DD54-BAE3941A5E5E}.Unicode Release|Win32.Build.0 = Unicode Release|Win32
		{6A30FCD6-3F66-DA17-81B1-9FCB3AE8DAFD}.Debug|Win32.ActiveCfg = Debug|Win32
		{6A30FCD6-3F66-DA17-81B1-9FCB3AE8DAFD}.Debug|Win32.Build.0 = Debug|Win32
		{6A30FCD6-3F66-DA17-81B1-9FCB3AE8DAFD}.Release|Win32.ActiveCfg = Release|Win32
		{6A30FCD6-3F66-DA17-81B1-9FCB3AE8DAFD}.Release|Win32.Build.0 = Release|Win32
		{6A30FCD6-3F66-DA17-81B1-9FCB3AE8DAFD}.Template|Win32.ActiveCfg = Template|Win32
		{6A30FCD6-3F66-DA17-81B1-9FCB3AE8DAFD}.Template|Win32.Build.0 = Template|Win32
		{6A30FCD6-3F66-DA17-81B1-9FCB3AE8DAFD}.Unicode Debug|Win32.ActiveCfg = Unicode Debug|Win32
		{6A30FCD6-3F66-DA17-81B1-9FCB3AE8DAFD}.Unicode Debug|Win32.Build.0 = Unicode Debug|Win32
		{6A30FCD6-3F66-DA17-81B1-9FCB3AE8DAFD}.Unicode Release|Win32.ActiveCfg = Unicode Release|Win32
		{6A30FCD6-3F66-DA17-81B1-9FCB3AE8DAFD}.Unicode Release|Win32.Build.0 = Unicode Release|Win32
		{56D9FCFE-FA45-16DA-B094-118830BD9D90}.Debug|Win32.ActiveCfg = Debug|Win32
		{56D9FCFE-FA45-16DA-B094-118830BD9D90}.Debug|Win32.Build.0 = Debug|Win32
		{56D9FCFE-FA45-16DA-B094-118830BD9D90}.Release|Win32.ActiveCfg = Release|Win32
		{56D9FCFE-FA45-16DA-B094-118830BD9D90}.Release|Win32.Build.0 = Release|Win32
		{56D9FCFE-FA45-16DA-B094-118830BD9D90}.Template|Win32.ActiveCfg = Template|Win32
		{56D9FCFE-FA45-16DA-B094-118830BD9D90}.Template|Win32.Build.0 = Template|Win32
		{56D9FCFE-FA45-16DA-B094-118830BD9D90}.Unicode Debug|Win32.ActiveCfg = Unicode Debug|Win32
		{56D9FCFE-FA45-16DA-B094-118830BD9D90}.Unicode Debug|Win32.Build.0 = Unicode Debug|Win32
		{56D9FCFE-FA45-16DA-B094-118830BD9D90}.Unicode Release|Win32.ActiveCfg = Unicode Release|Win32
		{56D9FCFE-FA45-16DA-B094-118830BD9D90}.Unicode Release|Win32.Build.0 = Unicode Release|Win32
		{C695E5FB-E764-3306-A6AE-AB2F0CCE250F}.Debug|Win32.ActiveCfg = Debug|Win32
		{C695E5FB-E764-3306-A6AE-AB2F0CCE250F}.Debug|Win32.Build.0 = Debug|Win32
		{C695E5FB-E764-3306-A6AE-AB2F0CCE250F}.Release|Win32.ActiveCfg = Release|Win32
		{C695E5FB-E764-3306-A6AE-AB2F0CCE250F}.Release|Win32.Build.0 = Release|Win32
		{C695E5FB-E764-3306-A6AE-AB2F0CCE250F}.Template|Win32.ActiveCfg = Template|Win32
		{C695E5FB-E764-3306-A6AE-AB2F0CCE250F}.Template|Win32.Build.0 = Template|Win32
		{C695E5FB-E764-3306-A6AE-AB2F0CCE250F}.Unicode Debug|Win32.ActiveCfg = Unicode Debug|Win32
		{C695E5FB-E764-3306-A6AE-AB2F0CCE250F}.Unicode Debug|Win32.Build.0 = Unicode Debug|Win32
		{C695E5FB-E764-3306-A6AE-AB2F0CCE250F}.Unicode Release|Win32.ActiveCfg = Unicode Release|Win32
		{C695E5FB-E764-3306-A6AE-AB2F0CCE250F}.Unicode Release|Win32.Build.0 = Unicode Release|Win32
		{D7F03731-0F1A-7C38-642A-2D63987E4F62}.Debug|Win32.ActiveCfg = Debug|Win32
		{D7F03731-0F1A-7C38-642A-2D63987E4F62}.Debug|Win32.Build.0 = Debug|Win32
		{D7F03731-0F1A-7C38-642A-2D63987E4F62}.Release|Win32.ActiveCfg = Release|Win32
		{D7F03731-0F1A-7C38-642A-2D63987E4F62}.Release|Win32.Build.0 = Release|Win32
		{D7F03731-0F1A-7C38-642A-2D63987E4F62}.Template|Win32.ActiveCfg = Template|Win32
		{D7F03731-0F1A-7C38-642A-2D63987E4F62}.Template|Win32.Build.0 = Template|Win32
		{D7F03731-0F1A-7C38-642A-2D63987E4F62}.Unicode Debug|Win32.ActiveCfg = Unicode Debug|Win32
		{D7F03731-0F1A-7C38-642A-2D63987E4F62}.Unicode Debug|Win32.Build.0 = Unicode Debug|Win32
		{D7F03731-0F1A-7C38-642A-2D63987E4F62}.Unicode Release|Win32.ActiveCfg = Unicode Release|Win32
		{D7F03731-0F1A-7C38-642A-2D63987E4F62}.Unicode Release|Win32.Build.0 = Unicode Release|Win32
		{9372060D-FC8F-A9E5-40C3-12E61AAEB7D2}.Debug|Win32.ActiveCfg = Debug|Win32
		{9372060D-FC8F-A9E5-40C3-12E61AAEB7D2}.Debug|Win32.Build.0 = Debug|Win32
		{9372060D-FC8F-A9E5-40C3-12E61AAEB7D2}.Release|Win32.ActiveCfg = Release|Win32
		{9372060D-FC8F-A9E5-40C3-12E61AAEB7D2}.Release|Win32.Build.0 = Release|Win32
		{9372060D-FC8F-A9E5-40C3-12E61AAEB7D2}.Template|Win32.ActiveCfg = Template|Win32
		{9372060D-FC8F-A9E5-40C3-12E61AAEB7D2}.Template|Win32.Build.0 = Template|Win32
		{9372060D-FC8F-A9E5-40C3-12E61AAEB7D2}.Unicode Debug|Win32.ActiveCfg = Unicode Debug|Win32
		{9372060D-FC8F-A9E5-40C3-12E61AAEB7D2}.Unicode Debug|Win32.Build.0 = Unicode Debug|Win32
		{9372060D-FC8F-A9E5-40C3-12E61AAEB7D2}.Unicode Release|Win32.ActiveCfg = Unicode Release|Win32
		{9372060D-FC8F-A9E5-40C3-12E61AAEB7D2}.Unicode Release|Win32.Build.0 = Unicode Release|Win32
		{ACFD8080-EDF2-89EA-2728-D07A53354E9E}.Debug|Win32.ActiveCfg = Debug|Win32
		{ACFD8080-EDF2-89EA-2728-D07A53354E9E}.Debug|Win32.Build.0 = Debug|Win32
		{ACFD8080-EDF2-89EA-2728-D07A53354E9E}.Release|Win32.ActiveCfg = Release|Win32
		{ACFD8080-EDF2-89EA-2728-D07A53354E9E}.Release|Win32.Build.0 = Release|Win32
		{ACFD8080-EDF2-89EA-2728-D07A53354E9E}.Template|Win32.ActiveCfg = Template|Win32
		{ACFD8080-EDF2-89EA-2728-D07A53354E9E}.Template|Win32.Build.0 = Template|Win32
		{ACFD8080-EDF2-89EA-2728-D07A53354E9E}.Unicode Debug|Win32.ActiveCfg = Unicode Debug|Win32
		{ACFD8080-EDF2-89EA-2728-D07A53354E9E}.Unicode Debug|Win32.Build.0 = Unicode Debug|Win32
		{ACFD8080-EDF2-89EA-2728-D07A53354E9E}.Unicode Release|Win32.ActiveCfg = Unicode Release|Win32
		{ACFD8080-EDF2-89EA-2728-D07A53354E9E}.Unicode Release|Win32.Build.0 = Unicode Release|Win32
		{B270B1DA-5C3E-4BEF-FD1F-601DC7DA657E}.Debug|Win32.ActiveCfg = Debug|Win32
		{B270B1DA-5C3E-4BEF-FD1F-601DC7DA657E}.Debug|Win32.Build.0 = Debug|Win32
		{B270B1DA-5C3E-4BEF-FD1F-601DC7DA657E}.Release|Win32.ActiveCfg = Release|Win32
		{B270B1DA-5C3E-4BEF-FD1F-601DC7DA657E}.Release|Win32.Build.0 = Release|Win32
		{B270B1DA-5C3E-4BEF-FD1F-601DC7DA657E}.Template|Win32.ActiveCfg = Template|Win32
		{B270B1DA-5C3E-4BEF-FD1F-601DC7DA657E}.Template|Win32.Build.0 = Template|Win32
		{B270B1DA-5C3E-4BEF-FD1F-601DC7DA657E}.Unicode Debug|Win32.ActiveCfg = Unicode Debug|Win32
		{B270B1DA-5C3E-4BEF-FD1F-601DC7DA657E}.Unicode Debug|Win32.Build.0 = Unicode Debug|Win32
		{B270B1DA-5C3E-4BEF-FD1F-601DC7DA657E}.Unicode Release|Win32.ActiveCfg = Unicode Release|Win32
		{B270B1DA-5C3E-4BEF-FD1F-601DC7DA657E}.Unicode Release|Win32.Build.0 = Unicode Release|Win32
		{14487257-E0C6-5DC5-4E38-B9880B6997BC}.Debug|Win32.ActiveCfg = Debug|Win32
		{14487257-E0C6-5DC5-4E38-B9880B6997BC}.Debug|Win32.Build.0 = Debug|Win32
		{14487257-E0C6-5DC5-4E38-B9880B6997BC}.Release|Win32.ActiveCfg = Release|Win32
		{14487257-E0C6-5DC5-4E38-B9880B6997BC}.Release|Win32.Build.0 = Release|Win32
		{14487257-E0C6-5DC5-4E38-B9880B6997BC}.Template|Win32.ActiveCfg = Template|Win32
		{14487257-E0C6-5DC5-4E38-B9880B6997BC}.Template|Win32.Build.0 = Template|Win32
		{14487257-E0C6-5DC5-4E38-B9880B6997BC}.Unicode Debug|Win32.ActiveCfg = Unicode Debug|Win32
		{14487257-E0C6-5DC5-4E38-B9880B6997BC}.Unicode Debug|Win32.Build.0 = Unicode Debug|Win32
		{14487257-E0C6-5DC5-4E38-B9880B6997BC}.Unicode Release|Win32.ActiveCfg = Unicode Release|Win32
		{14487257-E0C6-5DC5-4E38-B9880B6997BC}.Unicode Release|Win32.Build.0 = Unicode Release|Win32
		{C2F40730-209F-5696-58F1-729D1727BFCD}.Debug|Win32.ActiveCfg = Debug|Win32
		{C2F40730-209F-5696-58F1-729D1727BFCD}.Debug|Win32.Build.0 = Debug|Win32
		{C2F40730-209F-5696-58F1-729D1727BFCD}.Release|Win32.ActiveCfg = Release|Win32
		{C2F40730-209F-5696-58F1-729D1727BFCD}.Release|Win32.Build.0 = Release|Win32
		{C2F40730-209F-5696-58F1-729D1727BFCD}.Template|Win32.ActiveCfg = Template|Win32
		{C2F40730-209F-5696-58F1-729D1727BFCD}.Template|Win32.Build.0 = Template|Win32
		{C2F40730-209F-5696-58F1-729D1727BFCD}.Unicode Debug|Win32.ActiveCfg = Unicode Debug|Win32
		{C2F40730-209F-5696-58F1-729D1727BFCD}.Unicode Debug|Win32.Build.0 = Unicode Debug|Win32
		{C2F40730-209F-5696-58F1-729D1727BFCD}.Unicode Release|Win32.ActiveCfg = Unicode Release|Win32
		{C2F40730-209F-5696-58F1-729D1727BFCD}.Unicode Release|Win32.Build.0 = Unicode Release|Win32
		{24FFCF46-0F00-51C8-751E-7C8F78EB4F87}.Debug|Win32.ActiveCfg = Debug|Win32
		{24FFCF46-0F00-51C8-751E-7C8F78EB4F87}.Debug|Win32.Build.0 = Debug|Win32
		{24FFCF46-0F00-51C8-751E-7C8F78EB4F87}.Release|Win32.ActiveCfg = Release|Win32
		{24FFCF46-0F00-51C8-751E-7C8F78EB4F87}.Release|Win32.Build.0 = Release|Win32
		{24FFCF46-0F00-51C8-751E-7C8F78EB4F87}.Template|Win32.ActiveCfg = Template|Win32
		{24FFCF46-0F00-51C8-751E-7C8F78EB4F87}.Template|Win32.Build.0 = Template|Win32
		{24FFCF46-0F00-51C8-751E-7C8F78EB4F87}.Unicode Debug|Win32.ActiveCfg = Unicode Debug|Win32
		{24FFCF46-0F00-51C8-751E-7C8F78EB4F87}.Unicode Debug|Win32.Build.0 = Unicode Debug|Win32
		{24FFCF46-0F00-51C8-751E-7C8F78EB4F87}.Unicode Release|Win32.ActiveCfg = Unicode Release|Win32
		{24FFCF46-0F00-51C8-751E-7C8F78EB4F87}.Unicode Release|Win32.Build.0 = Unicode Release|Win32
	EndGlobalSection
	GlobalSection(SolutionProperties) = preSolution
		HideSolutionNode = FALSE
	EndGlobalSection
EndGlobal
